
Microsoft Visual Studio Solution File, Format Version 12.00
# Visual Studio Version 16
VisualStudioVersion = 16.0.29509.3
MinimumVisualStudioVersion = 10.0.40219.1
Project("{FAE04EC0-301F-11D3-BF4B-00C04F79EFBC}") = "SRB_CTR", "SRB_CTR\SRB_CTR.csproj", "{CE5363C9-9348-4962-A596-0A88BDC3414E}"
	ProjectSection(ProjectDependencies) = postProject
		{326C8EDA-5AA5-4A0F-A26A-574844427C2A} = {326C8EDA-5AA5-4A0F-A26A-574844427C2A}
	EndProjectSection
EndProject
Project("{FAE04EC0-301F-11D3-BF4B-00C04F79EFBC}") = "SRB_Frame", "SRB_Frame\SRB_Frame.csproj", "{CCF5E553-8DC8-490F-8386-8414C1791833}"
EndProject
Project("{FAE04EC0-301F-11D3-BF4B-00C04F79EFBC}") = "SRB-MotorX2", "Motor\SRB-MotorX2.csproj", "{D02140BC-C6CA-44B5-9070-2388BC5E7455}"
EndProject
Project("{FAE04EC0-301F-11D3-BF4B-00C04F79EFBC}") = "SRB-Joystick", "PS2_Handle\SRB-Joystick.csproj", "{93C7FDAA-B077-4F0F-8E4E-D7BE53CCD779}"
EndProject
Project("{FAE04EC0-301F-11D3-BF4B-00C04F79EFBC}") = "SRB-LiBatT2", "SRB_Changer\SRB-LiBatT2.csproj", "{66701BDF-B018-4712-A6DE-9B78B020B981}"
EndProject
Project("{FAE04EC0-301F-11D3-BF4B-00C04F79EFBC}") = "SRB-Port", "SRB-Port\SRB-Port.csproj", "{326C8EDA-5AA5-4A0F-A26A-574844427C2A}"
	ProjectSection(ProjectDependencies) = postProject
		{CCF5E553-8DC8-490F-8386-8414C1791833} = {CCF5E553-8DC8-490F-8386-8414C1791833}
	EndProjectSection
EndProject
Global
	GlobalSection(SolutionConfigurationPlatforms) = preSolution
		Debug|Any CPU = Debug|Any CPU
		Debug|Mixed Platforms = Debug|Mixed Platforms
		Debug|x86 = Debug|x86
		Release|Any CPU = Release|Any CPU
		Release|Mixed Platforms = Release|Mixed Platforms
		Release|x86 = Release|x86
	EndGlobalSection
	GlobalSection(ProjectConfigurationPlatforms) = postSolution
		{CE5363C9-9348-4962-A596-0A88BDC3414E}.Debug|Any CPU.ActiveCfg = Debug|x86
		{CE5363C9-9348-4962-A596-0A88BDC3414E}.Debug|Any CPU.Build.0 = Debug|x86
		{CE5363C9-9348-4962-A596-0A88BDC3414E}.Debug|Mixed Platforms.ActiveCfg = Debug|x86
		{CE5363C9-9348-4962-A596-0A88BDC3414E}.Debug|Mixed Platforms.Build.0 = Debug|x86
		{CE5363C9-9348-4962-A596-0A88BDC3414E}.Debug|x86.ActiveCfg = Debug|x86
		{CE5363C9-9348-4962-A596-0A88BDC3414E}.Debug|x86.Build.0 = Debug|x86
		{CE5363C9-9348-4962-A596-0A88BDC3414E}.Release|Any CPU.ActiveCfg = Release|x86
		{CE5363C9-9348-4962-A596-0A88BDC3414E}.Release|Mixed Platforms.ActiveCfg = Release|x86
		{CE5363C9-9348-4962-A596-0A88BDC3414E}.Release|Mixed Platforms.Build.0 = Release|x86
		{CE5363C9-9348-4962-A596-0A88BDC3414E}.Release|x86.ActiveCfg = Release|x86
		{CE5363C9-9348-4962-A596-0A88BDC3414E}.Release|x86.Build.0 = Release|x86
		{CCF5E553-8DC8-490F-8386-8414C1791833}.Debug|Any CPU.ActiveCfg = Debug|Any CPU
		{CCF5E553-8DC8-490F-8386-8414C1791833}.Debug|Any CPU.Build.0 = Debug|Any CPU
		{CCF5E553-8DC8-490F-8386-8414C1791833}.Debug|Mixed Platforms.ActiveCfg = Debug|Any CPU
		{CCF5E553-8DC8-490F-8386-8414C1791833}.Debug|Mixed Platforms.Build.0 = Debug|Any CPU
		{CCF5E553-8DC8-490F-8386-8414C1791833}.Debug|x86.ActiveCfg = Debug|Any CPU
		{CCF5E553-8DC8-490F-8386-8414C1791833}.Debug|x86.Build.0 = Debug|Any CPU
		{CCF5E553-8DC8-490F-8386-8414C1791833}.Release|Any CPU.ActiveCfg = Release|Any CPU
		{CCF5E553-8DC8-490F-8386-8414C1791833}.Release|Any CPU.Build.0 = Release|Any CPU
		{CCF5E553-8DC8-490F-8386-8414C1791833}.Release|Mixed Platforms.ActiveCfg = Release|Any CPU
		{CCF5E553-8DC8-490F-8386-8414C1791833}.Release|Mixed Platforms.Build.0 = Release|Any CPU
		{CCF5E553-8DC8-490F-8386-8414C1791833}.Release|x86.ActiveCfg = Release|Any CPU
		{CCF5E553-8DC8-490F-8386-8414C1791833}.Release|x86.Build.0 = Release|Any CPU
		{D02140BC-C6CA-44B5-9070-2388BC5E7455}.Debug|Any CPU.ActiveCfg = Debug|Any CPU
		{D02140BC-C6CA-44B5-9070-2388BC5E7455}.Debug|Any CPU.Build.0 = Debug|Any CPU
		{D02140BC-C6CA-44B5-9070-2388BC5E7455}.Debug|Mixed Platforms.ActiveCfg = Debug|Any CPU
		{D02140BC-C6CA-44B5-9070-2388BC5E7455}.Debug|Mixed Platforms.Build.0 = Debug|Any CPU
		{D02140BC-C6CA-44B5-9070-2388BC5E7455}.Debug|x86.ActiveCfg = Debug|Any CPU
		{D02140BC-C6CA-44B5-9070-2388BC5E7455}.Debug|x86.Build.0 = Debug|Any CPU
		{D02140BC-C6CA-44B5-9070-2388BC5E7455}.Release|Any CPU.ActiveCfg = Release|Any CPU
		{D02140BC-C6CA-44B5-9070-2388BC5E7455}.Release|Any CPU.Build.0 = Release|Any CPU
		{D02140BC-C6CA-44B5-9070-2388BC5E7455}.Release|Mixed Platforms.ActiveCfg = Release|Any CPU
		{D02140BC-C6CA-44B5-9070-2388BC5E7455}.Release|Mixed Platforms.Build.0 = Release|Any CPU
		{D02140BC-C6CA-44B5-9070-2388BC5E7455}.Release|x86.ActiveCfg = Release|Any CPU
		{D02140BC-C6CA-44B5-9070-2388BC5E7455}.Release|x86.Build.0 = Release|Any CPU
		{93C7FDAA-B077-4F0F-8E4E-D7BE53CCD779}.Debug|Any CPU.ActiveCfg = Debug|Any CPU
		{93C7FDAA-B077-4F0F-8E4E-D7BE53CCD779}.Debug|Any CPU.Build.0 = Debug|Any CPU
		{93C7FDAA-B077-4F0F-8E4E-D7BE53CCD779}.Debug|Mixed Platforms.ActiveCfg = Debug|Any CPU
		{93C7FDAA-B077-4F0F-8E4E-D7BE53CCD779}.Debug|Mixed Platforms.Build.0 = Debug|Any CPU
		{93C7FDAA-B077-4F0F-8E4E-D7BE53CCD779}.Debug|x86.ActiveCfg = Debug|Any CPU
		{93C7FDAA-B077-4F0F-8E4E-D7BE53CCD779}.Debug|x86.Build.0 = Debug|Any CPU
		{93C7FDAA-B077-4F0F-8E4E-D7BE53CCD779}.Release|Any CPU.ActiveCfg = Release|Any CPU
		{93C7FDAA-B077-4F0F-8E4E-D7BE53CCD779}.Release|Any CPU.Build.0 = Release|Any CPU
		{93C7FDAA-B077-4F0F-8E4E-D7BE53CCD779}.Release|Mixed Platforms.ActiveCfg = Release|Any CPU
		{93C7FDAA-B077-4F0F-8E4E-D7BE53CCD779}.Release|Mixed Platforms.Build.0 = Release|Any CPU
		{93C7FDAA-B077-4F0F-8E4E-D7BE53CCD779}.Release|x86.ActiveCfg = Release|Any CPU
		{93C7FDAA-B077-4F0F-8E4E-D7BE53CCD779}.Release|x86.Build.0 = Release|Any CPU
		{66701BDF-B018-4712-A6DE-9B78B020B981}.Debug|Any CPU.ActiveCfg = Debug|Any CPU
		{66701BDF-B018-4712-A6DE-9B78B020B981}.Debug|Any CPU.Build.0 = Debug|Any CPU
		{66701BDF-B018-4712-A6DE-9B78B020B981}.Debug|Mixed Platforms.ActiveCfg = Debug|Any CPU
		{66701BDF-B018-4712-A6DE-9B78B020B981}.Debug|Mixed Platforms.Build.0 = Debug|Any CPU
		{66701BDF-B018-4712-A6DE-9B78B020B981}.Debug|x86.ActiveCfg = Debug|Any CPU
		{66701BDF-B018-4712-A6DE-9B78B020B981}.Debug|x86.Build.0 = Debug|Any CPU
		{66701BDF-B018-4712-A6DE-9B78B020B981}.Release|Any CPU.ActiveCfg = Release|Any CPU
		{66701BDF-B018-4712-A6DE-9B78B020B981}.Release|Any CPU.Build.0 = Release|Any CPU
		{66701BDF-B018-4712-A6DE-9B78B020B981}.Release|Mixed Platforms.ActiveCfg = Release|Any CPU
		{66701BDF-B018-4712-A6DE-9B78B020B981}.Release|Mixed Platforms.Build.0 = Release|Any CPU
		{66701BDF-B018-4712-A6DE-9B78B020B981}.Release|x86.ActiveCfg = Release|Any CPU
		{66701BDF-B018-4712-A6DE-9B78B020B981}.Release|x86.Build.0 = Release|Any CPU
		{326C8EDA-5AA5-4A0F-A26A-574844427C2A}.Debug|Any CPU.ActiveCfg = Debug|Any CPU
		{326C8EDA-5AA5-4A0F-A26A-574844427C2A}.Debug|Any CPU.Build.0 = Debug|Any CPU
		{326C8EDA-5AA5-4A0F-A26A-574844427C2A}.Debug|Mixed Platforms.ActiveCfg = Debug|Any CPU
		{326C8EDA-5AA5-4A0F-A26A-574844427C2A}.Debug|Mixed Platforms.Build.0 = Debug|Any CPU
		{326C8EDA-5AA5-4A0F-A26A-574844427C2A}.Debug|x86.ActiveCfg = Debug|Any CPU
		{326C8EDA-5AA5-4A0F-A26A-574844427C2A}.Debug|x86.Build.0 = Debug|Any CPU
		{326C8EDA-5AA5-4A0F-A26A-574844427C2A}.Release|Any CPU.ActiveCfg = Release|Any CPU
		{326C8EDA-5AA5-4A0F-A26A-574844427C2A}.Release|Any CPU.Build.0 = Release|Any CPU
		{326C8EDA-5AA5-4A0F-A26A-574844427C2A}.Release|Mixed Platforms.ActiveCfg = Release|Any CPU
		{326C8EDA-5AA5-4A0F-A26A-574844427C2A}.Release|Mixed Platforms.Build.0 = Release|Any CPU
		{326C8EDA-5AA5-4A0F-A26A-574844427C2A}.Release|x86.ActiveCfg = Release|Any CPU
		{326C8EDA-5AA5-4A0F-A26A-574844427C2A}.Release|x86.Build.0 = Release|Any CPU
	EndGlobalSection
	GlobalSection(SolutionProperties) = preSolution
		HideSolutionNode = FALSE
	EndGlobalSection
	GlobalSection(ExtensibilityGlobals) = postSolution
		SolutionGuid = {0600EBC3-9F49-43B4-A50F-95141B3410F5}
	EndGlobalSection
EndGlobal
